{
  "version": 4,
  "terraform_version": "1.15.8",
  "serial": 1,
  "lineage": "ab2f7686-163e-6643-7930-0dbef29a0c7b",
  "outputs": {},
  "resources": [
    {
      "mode": "managed",
      "type": "aws_cloudwatch_metric_alarm",
      "name": "research_catalog_error",
      "provider": "provider[\"registry.terraform.io/hashicorp/aws\"]",
      "instances": [
        {
          "schema_version": 1,
          "attributes": {
            "actions_enabled": true,
            "alarm_actions": [
              "arn:aws:sns:us-east-1:946183545209:ResearchCatalogError-production"
            ],
            "alarm_description": "Triggered when there's 5 or more error logs to Research Catalog within 5 minutes.",
            "alarm_name": "ResearchCatalogErrorAlarm",
            "arn": "arn:aws:cloudwatch:us-east-1:946183545209:alarm:ResearchCatalogErrorAlarm",
            "comparison_operator": "GreaterThanThreshold",
            "datapoints_to_alarm": 1,
            "dimensions": {},
            "evaluate_low_sample_count_percentiles": "",
            "evaluation_criteria": [],
            "evaluation_interval": 0,
            "evaluation_periods": 1,
            "extended_statistic": "",
            "id": "ResearchCatalogErrorAlarm",
            "insufficient_data_actions": [],
            "metric_name": "ResearchCatalogError",
            "metric_query": [],
            "namespace": "LogMetrics",
            "ok_actions": [],
            "period": 300,
            "region": "us-east-1",
            "statistic": "Sum",
            "tags": {},
            "tags_all": {},
            "threshold": 5,
            "threshold_metric_id": "",
            "treat_missing_data": "missing",
            "unit": ""
          },
          "sensitive_attributes": [],
          "identity_schema_version": 0,
          "identity": {
            "account_id": "946183545209",
            "alarm_name": "ResearchCatalogErrorAlarm",
            "region": "us-east-1"
          },
          "private": "eyJzY2hlbWFfdmVyc2lvbiI6IjEifQ=="
        }
      ]
    }
  ],
  "check_results": null
}
